
Microsoft Visual Studio Solution File, Format Version 12.00
Project("{FAE04EC0-301F-11D3-BF4B-00C04F79EFBC}") = "Subcriber", "Subcriber\Subcriber.csproj", "{7353B2C8-8A96-487C-83FC-9D1C9FAC392D}"
EndProject
Project("{FAE04EC0-301F-11D3-BF4B-00C04F79EFBC}") = "Publisher", "Publisher\Publisher.csproj", "{D37D47F4-A7BC-48CD-8F3B-B808C320B36E}"
EndProject
Project("{FAE04EC0-301F-11D3-BF4B-00C04F79EFBC}") = "SharedCode", "SharedCode\SharedCode.csproj", "{2157E9C9-995E-4ACE-8666-3B7965A9FDFB}"
EndProject
Project("{FAE04EC0-301F-11D3-BF4B-00C04F79EFBC}") = "SubcriberAsync", "SubcriberAsync\SubcriberAsync.csproj", "{C417727F-90D2-4A07-9D74-F1CB49EBC321}"
EndProject
Project("{2150E333-8FDC-42A3-9474-1A3956D46DE8}") = "4. RequestAndResponse", "4. RequestAndResponse", "{276A5FEC-49B6-4E1A-B51A-E489519AF8F0}"
EndProject
Project("{FAE04EC0-301F-11D3-BF4B-00C04F79EFBC}") = "Request", "Request\Request.csproj", "{49086F4F-8B83-4E62-8789-AE6E36466BDD}"
EndProject
Project("{FAE04EC0-301F-11D3-BF4B-00C04F79EFBC}") = "Response", "Response\Response.csproj", "{450AEBA1-2AAC-46AD-927F-E4EDB48EA3BA}"
EndProject
Project("{FAE04EC0-301F-11D3-BF4B-00C04F79EFBC}") = "RequestAsync", "RequestAsync\RequestAsync.csproj", "{F7676789-388F-4BAE-A8CE-2167DE246EDE}"
EndProject
Project("{FAE04EC0-301F-11D3-BF4B-00C04F79EFBC}") = "ResponseAsync", "ResponseAsync\ResponseAsync.csproj", "{AC668A52-F2D4-42A5-A1B7-3BD554CB33F4}"
EndProject
Project("{2150E333-8FDC-42A3-9474-1A3956D46DE8}") = "1. SharedCode", "1. SharedCode", "{1AC88702-6DDC-4F03-99C4-2B816E941A98}"
EndProject
Project("{2150E333-8FDC-42A3-9474-1A3956D46DE8}") = "2 3.", "2 3.", "{EFD4D27F-5F5D-4462-B4F3-88969A1737B2}"
EndProject
Project("{2150E333-8FDC-42A3-9474-1A3956D46DE8}") = "5. SendAndReceive", "5. SendAndReceive", "{2C40D8A1-42FE-4045-A6C6-574F7DD9C832}"
EndProject
Project("{FAE04EC0-301F-11D3-BF4B-00C04F79EFBC}") = "SendMsg", "SendMsg\SendMsg.csproj", "{8BBB302F-CDA7-44F6-B43D-11D234308952}"
EndProject
Project("{FAE04EC0-301F-11D3-BF4B-00C04F79EFBC}") = "ReceiveMsg", "ReceiveMsg\ReceiveMsg.csproj", "{CA0B2684-6354-4923-8549-87EB53B8CF15}"
EndProject
Project("{FAE04EC0-301F-11D3-BF4B-00C04F79EFBC}") = "ReceiveMultipleMsg", "ReceiveMultipleMsg\ReceiveMultipleMsg.csproj", "{AABF6327-0172-47BC-BDE5-8CDFC3971669}"
EndProject
Project("{2150E333-8FDC-42A3-9474-1A3956D46DE8}") = "6. BasedRouting", "6. BasedRouting", "{C4390004-F17D-449D-B3FD-3F505CC74055}"
EndProject
Project("{FAE04EC0-301F-11D3-BF4B-00C04F79EFBC}") = "TopicPublisher", "TopicPublisher\TopicPublisher.csproj", "{95E2C69C-A623-4267-80CF-AB87E4A32CC4}"
EndProject
Project("{FAE04EC0-301F-11D3-BF4B-00C04F79EFBC}") = "CardPaymentSub", "CardPaymentSub\CardPaymentSub.csproj", "{3E24D8AE-EE10-4909-BC8D-E35AC0CD5C98}"
EndProject
Project("{FAE04EC0-301F-11D3-BF4B-00C04F79EFBC}") = "PurchageOrderSub", "PurchageOrderSub\PurchageOrderSub.csproj", "{086251FD-9821-4FC6-8E7B-DD600A2593A3}"
EndProject
Project("{FAE04EC0-301F-11D3-BF4B-00C04F79EFBC}") = "AccountTopicSub", "AccountTopicSub\AccountTopicSub.csproj", "{1702D29F-ECC9-46EA-87AC-30508C45F6E9}"
EndProject
Global
	GlobalSection(SolutionConfigurationPlatforms) = preSolution
		Debug|Any CPU = Debug|Any CPU
		Release|Any CPU = Release|Any CPU
	EndGlobalSection
	GlobalSection(ProjectConfigurationPlatforms) = postSolution
		{7353B2C8-8A96-487C-83FC-9D1C9FAC392D}.Debug|Any CPU.ActiveCfg = Debug|Any CPU
		{7353B2C8-8A96-487C-83FC-9D1C9FAC392D}.Debug|Any CPU.Build.0 = Debug|Any CPU
		{7353B2C8-8A96-487C-83FC-9D1C9FAC392D}.Release|Any CPU.ActiveCfg = Release|Any CPU
		{7353B2C8-8A96-487C-83FC-9D1C9FAC392D}.Release|Any CPU.Build.0 = Release|Any CPU
		{D37D47F4-A7BC-48CD-8F3B-B808C320B36E}.Debug|Any CPU.ActiveCfg = Debug|Any CPU
		{D37D47F4-A7BC-48CD-8F3B-B808C320B36E}.Debug|Any CPU.Build.0 = Debug|Any CPU
		{D37D47F4-A7BC-48CD-8F3B-B808C320B36E}.Release|Any CPU.ActiveCfg = Release|Any CPU
		{D37D47F4-A7BC-48CD-8F3B-B808C320B36E}.Release|Any CPU.Build.0 = Release|Any CPU
		{2157E9C9-995E-4ACE-8666-3B7965A9FDFB}.Debug|Any CPU.ActiveCfg = Debug|Any CPU
		{2157E9C9-995E-4ACE-8666-3B7965A9FDFB}.Debug|Any CPU.Build.0 = Debug|Any CPU
		{2157E9C9-995E-4ACE-8666-3B7965A9FDFB}.Release|Any CPU.ActiveCfg = Release|Any CPU
		{2157E9C9-995E-4ACE-8666-3B7965A9FDFB}.Release|Any CPU.Build.0 = Release|Any CPU
		{C417727F-90D2-4A07-9D74-F1CB49EBC321}.Debug|Any CPU.ActiveCfg = Debug|Any CPU
		{C417727F-90D2-4A07-9D74-F1CB49EBC321}.Debug|Any CPU.Build.0 = Debug|Any CPU
		{C417727F-90D2-4A07-9D74-F1CB49EBC321}.Release|Any CPU.ActiveCfg = Release|Any CPU
		{C417727F-90D2-4A07-9D74-F1CB49EBC321}.Release|Any CPU.Build.0 = Release|Any CPU
		{49086F4F-8B83-4E62-8789-AE6E36466BDD}.Debug|Any CPU.ActiveCfg = Debug|Any CPU
		{49086F4F-8B83-4E62-8789-AE6E36466BDD}.Debug|Any CPU.Build.0 = Debug|Any CPU
		{49086F4F-8B83-4E62-8789-AE6E36466BDD}.Release|Any CPU.ActiveCfg = Release|Any CPU
		{49086F4F-8B83-4E62-8789-AE6E36466BDD}.Release|Any CPU.Build.0 = Release|Any CPU
		{450AEBA1-2AAC-46AD-927F-E4EDB48EA3BA}.Debug|Any CPU.ActiveCfg = Debug|Any CPU
		{450AEBA1-2AAC-46AD-927F-E4EDB48EA3BA}.Debug|Any CPU.Build.0 = Debug|Any CPU
		{450AEBA1-2AAC-46AD-927F-E4EDB48EA3BA}.Release|Any CPU.ActiveCfg = Release|Any CPU
		{450AEBA1-2AAC-46AD-927F-E4EDB48EA3BA}.Release|Any CPU.Build.0 = Release|Any CPU
		{F7676789-388F-4BAE-A8CE-2167DE246EDE}.Debug|Any CPU.ActiveCfg = Debug|Any CPU
		{F7676789-388F-4BAE-A8CE-2167DE246EDE}.Debug|Any CPU.Build.0 = Debug|Any CPU
		{F7676789-388F-4BAE-A8CE-2167DE246EDE}.Release|Any CPU.ActiveCfg = Release|Any CPU
		{F7676789-388F-4BAE-A8CE-2167DE246EDE}.Release|Any CPU.Build.0 = Release|Any CPU
		{AC668A52-F2D4-42A5-A1B7-3BD554CB33F4}.Debug|Any CPU.ActiveCfg = Debug|Any CPU
		{AC668A52-F2D4-42A5-A1B7-3BD554CB33F4}.Debug|Any CPU.Build.0 = Debug|Any CPU
		{AC668A52-F2D4-42A5-A1B7-3BD554CB33F4}.Release|Any CPU.ActiveCfg = Release|Any CPU
		{AC668A52-F2D4-42A5-A1B7-3BD554CB33F4}.Release|Any CPU.Build.0 = Release|Any CPU
		{8BBB302F-CDA7-44F6-B43D-11D234308952}.Debug|Any CPU.ActiveCfg = Debug|Any CPU
		{8BBB302F-CDA7-44F6-B43D-11D234308952}.Debug|Any CPU.Build.0 = Debug|Any CPU
		{8BBB302F-CDA7-44F6-B43D-11D234308952}.Release|Any CPU.ActiveCfg = Release|Any CPU
		{8BBB302F-CDA7-44F6-B43D-11D234308952}.Release|Any CPU.Build.0 = Release|Any CPU
		{CA0B2684-6354-4923-8549-87EB53B8CF15}.Debug|Any CPU.ActiveCfg = Debug|Any CPU
		{CA0B2684-6354-4923-8549-87EB53B8CF15}.Debug|Any CPU.Build.0 = Debug|Any CPU
		{CA0B2684-6354-4923-8549-87EB53B8CF15}.Release|Any CPU.ActiveCfg = Release|Any CPU
		{CA0B2684-6354-4923-8549-87EB53B8CF15}.Release|Any CPU.Build.0 = Release|Any CPU
		{AABF6327-0172-47BC-BDE5-8CDFC3971669}.Debug|Any CPU.ActiveCfg = Debug|Any CPU
		{AABF6327-0172-47BC-BDE5-8CDFC3971669}.Debug|Any CPU.Build.0 = Debug|Any CPU
		{AABF6327-0172-47BC-BDE5-8CDFC3971669}.Release|Any CPU.ActiveCfg = Release|Any CPU
		{AABF6327-0172-47BC-BDE5-8CDFC3971669}.Release|Any CPU.Build.0 = Release|Any CPU
		{95E2C69C-A623-4267-80CF-AB87E4A32CC4}.Debug|Any CPU.ActiveCfg = Debug|Any CPU
		{95E2C69C-A623-4267-80CF-AB87E4A32CC4}.Debug|Any CPU.Build.0 = Debug|Any CPU
		{95E2C69C-A623-4267-80CF-AB87E4A32CC4}.Release|Any CPU.ActiveCfg = Release|Any CPU
		{95E2C69C-A623-4267-80CF-AB87E4A32CC4}.Release|Any CPU.Build.0 = Release|Any CPU
		{3E24D8AE-EE10-4909-BC8D-E35AC0CD5C98}.Debug|Any CPU.ActiveCfg = Debug|Any CPU
		{3E24D8AE-EE10-4909-BC8D-E35AC0CD5C98}.Debug|Any CPU.Build.0 = Debug|Any CPU
		{3E24D8AE-EE10-4909-BC8D-E35AC0CD5C98}.Release|Any CPU.ActiveCfg = Release|Any CPU
		{3E24D8AE-EE10-4909-BC8D-E35AC0CD5C98}.Release|Any CPU.Build.0 = Release|Any CPU
		{086251FD-9821-4FC6-8E7B-DD600A2593A3}.Debug|Any CPU.ActiveCfg = Debug|Any CPU
		{086251FD-9821-4FC6-8E7B-DD600A2593A3}.Debug|Any CPU.Build.0 = Debug|Any CPU
		{086251FD-9821-4FC6-8E7B-DD600A2593A3}.Release|Any CPU.ActiveCfg = Release|Any CPU
		{086251FD-9821-4FC6-8E7B-DD600A2593A3}.Release|Any CPU.Build.0 = Release|Any CPU
		{1702D29F-ECC9-46EA-87AC-30508C45F6E9}.Debug|Any CPU.ActiveCfg = Debug|Any CPU
		{1702D29F-ECC9-46EA-87AC-30508C45F6E9}.Debug|Any CPU.Build.0 = Debug|Any CPU
		{1702D29F-ECC9-46EA-87AC-30508C45F6E9}.Release|Any CPU.ActiveCfg = Release|Any CPU
		{1702D29F-ECC9-46EA-87AC-30508C45F6E9}.Release|Any CPU.Build.0 = Release|Any CPU
	EndGlobalSection
	GlobalSection(NestedProjects) = preSolution
		{49086F4F-8B83-4E62-8789-AE6E36466BDD} = {276A5FEC-49B6-4E1A-B51A-E489519AF8F0}
		{450AEBA1-2AAC-46AD-927F-E4EDB48EA3BA} = {276A5FEC-49B6-4E1A-B51A-E489519AF8F0}
		{F7676789-388F-4BAE-A8CE-2167DE246EDE} = {276A5FEC-49B6-4E1A-B51A-E489519AF8F0}
		{AC668A52-F2D4-42A5-A1B7-3BD554CB33F4} = {276A5FEC-49B6-4E1A-B51A-E489519AF8F0}
		{2157E9C9-995E-4ACE-8666-3B7965A9FDFB} = {1AC88702-6DDC-4F03-99C4-2B816E941A98}
		{D37D47F4-A7BC-48CD-8F3B-B808C320B36E} = {EFD4D27F-5F5D-4462-B4F3-88969A1737B2}
		{7353B2C8-8A96-487C-83FC-9D1C9FAC392D} = {EFD4D27F-5F5D-4462-B4F3-88969A1737B2}
		{C417727F-90D2-4A07-9D74-F1CB49EBC321} = {EFD4D27F-5F5D-4462-B4F3-88969A1737B2}
		{8BBB302F-CDA7-44F6-B43D-11D234308952} = {2C40D8A1-42FE-4045-A6C6-574F7DD9C832}
		{CA0B2684-6354-4923-8549-87EB53B8CF15} = {2C40D8A1-42FE-4045-A6C6-574F7DD9C832}
		{AABF6327-0172-47BC-BDE5-8CDFC3971669} = {2C40D8A1-42FE-4045-A6C6-574F7DD9C832}
		{95E2C69C-A623-4267-80CF-AB87E4A32CC4} = {C4390004-F17D-449D-B3FD-3F505CC74055}
		{3E24D8AE-EE10-4909-BC8D-E35AC0CD5C98} = {C4390004-F17D-449D-B3FD-3F505CC74055}
		{086251FD-9821-4FC6-8E7B-DD600A2593A3} = {C4390004-F17D-449D-B3FD-3F505CC74055}
		{1702D29F-ECC9-46EA-87AC-30508C45F6E9} = {C4390004-F17D-449D-B3FD-3F505CC74055}
	EndGlobalSection
EndGlobal
